
Microsoft Visual Studio Solution File, Format Version 12.00
# Visual Studio 15
VisualStudioVersion = 15.0.28010.2048
MinimumVisualStudioVersion = 10.0.40219.1
Project("{FAE04EC0-301F-11D3-BF4B-00C04F79EFBC}") = "TV-Table", "TV-Table\TV-Table.csproj", "{ABA5AC41-88B2-4B1D-A6B5-4BB0274A5FE7}"
EndProject
Global
	GlobalSection(SolutionConfigurationPlatforms) = preSolution
		Debug|Any CPU = Debug|Any CPU
		Release|Any CPU = Release|Any CPU
	EndGlobalSection
	GlobalSection(ProjectConfigurationPlatforms) = postSolution
		{ABA5AC41-88B2-4B1D-A6B5-4BB0274A5FE7}.Debug|Any CPU.ActiveCfg = Debug|Any CPU
		{ABA5AC41-88B2-4B1D-A6B5-4BB0274A5FE7}.Debug|Any CPU.Build.0 = Debug|Any CPU
		{ABA5AC41-88B2-4B1D-A6B5-4BB0274A5FE7}.Release|Any CPU.ActiveCfg = Release|Any CPU
		{ABA5AC41-88B2-4B1D-A6B5-4BB0274A5FE7}.Release|Any CPU.Build.0 = Release|Any CPU
	EndGlobalSection
	GlobalSection(SolutionProperties) = preSolution
		HideSolutionNode = FALSE
	EndGlobalSection
	GlobalSection(ExtensibilityGlobals) = postSolution
		SolutionGuid = {A85F9BEA-AD08-4834-9AB7-18551146D061}
	EndGlobalSection
EndGlobal
