
Microsoft Visual Studio Solution File, Format Version 12.00
# Visual Studio 15
VisualStudioVersion = 15.0.28010.2048
MinimumVisualStudioVersion = 10.0.40219.1
Project("{FAE04EC0-301F-11D3-BF4B-00C04F79EFBC}") = "Module11 CustomerList", "Module11 CustomerList\Module11 CustomerList.csproj", "{DD18B36F-8169-4DC6-80EE-4E51716B12E5}"
EndProject
Global
	GlobalSection(SolutionConfigurationPlatforms) = preSolution
		Debug|Any CPU = Debug|Any CPU
		Release|Any CPU = Release|Any CPU
	EndGlobalSection
	GlobalSection(ProjectConfigurationPlatforms) = postSolution
		{DD18B36F-8169-4DC6-80EE-4E51716B12E5}.Debug|Any CPU.ActiveCfg = Debug|Any CPU
		{DD18B36F-8169-4DC6-80EE-4E51716B12E5}.Debug|Any CPU.Build.0 = Debug|Any CPU
		{DD18B36F-8169-4DC6-80EE-4E51716B12E5}.Release|Any CPU.ActiveCfg = Release|Any CPU
		{DD18B36F-8169-4DC6-80EE-4E51716B12E5}.Release|Any CPU.Build.0 = Release|Any CPU
	EndGlobalSection
	GlobalSection(SolutionProperties) = preSolution
		HideSolutionNode = FALSE
	EndGlobalSection
	GlobalSection(ExtensibilityGlobals) = postSolution
		SolutionGuid = {1970D0FE-AD7A-405F-9746-3AB3E91D3D2C}
	EndGlobalSection
EndGlobal
