
Microsoft Visual Studio Solution File, Format Version 12.00
# Visual Studio 15
VisualStudioVersion = 15.0.28010.2048
MinimumVisualStudioVersion = 10.0.40219.1
Project("{FAE04EC0-301F-11D3-BF4B-00C04F79EFBC}") = "Module11 Listor Linq", "Module11\Module11 Listor Linq.csproj", "{B19D7150-27DB-498A-BE52-1C82AD6B9A39}"
EndProject
Global
	GlobalSection(SolutionConfigurationPlatforms) = preSolution
		Debug|Any CPU = Debug|Any CPU
		Release|Any CPU = Release|Any CPU
	EndGlobalSection
	GlobalSection(ProjectConfigurationPlatforms) = postSolution
		{B19D7150-27DB-498A-BE52-1C82AD6B9A39}.Debug|Any CPU.ActiveCfg = Debug|Any CPU
		{B19D7150-27DB-498A-BE52-1C82AD6B9A39}.Debug|Any CPU.Build.0 = Debug|Any CPU
		{B19D7150-27DB-498A-BE52-1C82AD6B9A39}.Release|Any CPU.ActiveCfg = Release|Any CPU
		{B19D7150-27DB-498A-BE52-1C82AD6B9A39}.Release|Any CPU.Build.0 = Release|Any CPU
	EndGlobalSection
	GlobalSection(SolutionProperties) = preSolution
		HideSolutionNode = FALSE
	EndGlobalSection
	GlobalSection(ExtensibilityGlobals) = postSolution
		SolutionGuid = {4662FA57-1591-4A31-9707-5579C111E8A0}
	EndGlobalSection
EndGlobal
