
Microsoft Visual Studio Solution File, Format Version 12.00
# Visual Studio 15
VisualStudioVersion = 15.0.28010.2048
MinimumVisualStudioVersion = 10.0.40219.1
Project("{9A19103F-16F7-4668-BE54-9A1E7A4F7556}") = "Module2", "Module2\Module2.csproj", "{8DAF9A8D-89F6-4B09-A277-E5472DD42525}"
EndProject
Project("{9A19103F-16F7-4668-BE54-9A1E7A4F7556}") = "Module3", "Module3\Module3.csproj", "{D2B7091C-5B3A-4A45-A7BB-8F5F93288B78}"
EndProject
Project("{9A19103F-16F7-4668-BE54-9A1E7A4F7556}") = "Module4", "Module4\Module4.csproj", "{879E90F9-ED1C-490D-AE8C-0AF697808C61}"
EndProject
Project("{FAE04EC0-301F-11D3-BF4B-00C04F79EFBC}") = "Module6", "Module6\Module6.csproj", "{FB2D971F-18BF-47FA-9C4B-BC0DE4CE76C4}"
EndProject
Global
	GlobalSection(SolutionConfigurationPlatforms) = preSolution
		Debug|Any CPU = Debug|Any CPU
		Release|Any CPU = Release|Any CPU
	EndGlobalSection
	GlobalSection(ProjectConfigurationPlatforms) = postSolution
		{8DAF9A8D-89F6-4B09-A277-E5472DD42525}.Debug|Any CPU.ActiveCfg = Debug|Any CPU
		{8DAF9A8D-89F6-4B09-A277-E5472DD42525}.Debug|Any CPU.Build.0 = Debug|Any CPU
		{8DAF9A8D-89F6-4B09-A277-E5472DD42525}.Release|Any CPU.ActiveCfg = Release|Any CPU
		{8DAF9A8D-89F6-4B09-A277-E5472DD42525}.Release|Any CPU.Build.0 = Release|Any CPU
		{D2B7091C-5B3A-4A45-A7BB-8F5F93288B78}.Debug|Any CPU.ActiveCfg = Debug|Any CPU
		{D2B7091C-5B3A-4A45-A7BB-8F5F93288B78}.Debug|Any CPU.Build.0 = Debug|Any CPU
		{D2B7091C-5B3A-4A45-A7BB-8F5F93288B78}.Release|Any CPU.ActiveCfg = Release|Any CPU
		{D2B7091C-5B3A-4A45-A7BB-8F5F93288B78}.Release|Any CPU.Build.0 = Release|Any CPU
		{879E90F9-ED1C-490D-AE8C-0AF697808C61}.Debug|Any CPU.ActiveCfg = Debug|Any CPU
		{879E90F9-ED1C-490D-AE8C-0AF697808C61}.Debug|Any CPU.Build.0 = Debug|Any CPU
		{879E90F9-ED1C-490D-AE8C-0AF697808C61}.Release|Any CPU.ActiveCfg = Release|Any CPU
		{879E90F9-ED1C-490D-AE8C-0AF697808C61}.Release|Any CPU.Build.0 = Release|Any CPU
		{FB2D971F-18BF-47FA-9C4B-BC0DE4CE76C4}.Debug|Any CPU.ActiveCfg = Debug|Any CPU
		{FB2D971F-18BF-47FA-9C4B-BC0DE4CE76C4}.Debug|Any CPU.Build.0 = Debug|Any CPU
		{FB2D971F-18BF-47FA-9C4B-BC0DE4CE76C4}.Release|Any CPU.ActiveCfg = Release|Any CPU
		{FB2D971F-18BF-47FA-9C4B-BC0DE4CE76C4}.Release|Any CPU.Build.0 = Release|Any CPU
	EndGlobalSection
	GlobalSection(SolutionProperties) = preSolution
		HideSolutionNode = FALSE
	EndGlobalSection
	GlobalSection(ExtensibilityGlobals) = postSolution
		SolutionGuid = {9C0097DF-5AB7-41E4-BB97-676ED6D12574}
	EndGlobalSection
EndGlobal
